// !$*UTF8*$!
{
	archiveVersion = 1;
	classes = {
	};
	objectVersion = 56;
	objects = {

/* Begin PBXBuildFile section */
		068048F229C8AE2B009F60BD /* MainPresenter.swift in Sources */ = {isa = PBXBuildFile; fileRef = 068048EC29C8AE2B009F60BD /* MainPresenter.swift */; };
		068048F329C8AE2B009F60BD /* MainWorker.swift in Sources */ = {isa = PBXBuildFile; fileRef = 068048ED29C8AE2B009F60BD /* MainWorker.swift */; };
		068048F429C8AE2B009F60BD /* MainRouter.swift in Sources */ = {isa = PBXBuildFile; fileRef = 068048EE29C8AE2B009F60BD /* MainRouter.swift */; };
		068048F529C8AE2B009F60BD /* MainModels.swift in Sources */ = {isa = PBXBuildFile; fileRef = 068048EF29C8AE2B009F60BD /* MainModels.swift */; };
		068048F629C8AE2B009F60BD /* MainViewController.swift in Sources */ = {isa = PBXBuildFile; fileRef = 068048F029C8AE2B009F60BD /* MainViewController.swift */; };
		068048F729C8AE2B009F60BD /* MainInteractor.swift in Sources */ = {isa = PBXBuildFile; fileRef = 068048F129C8AE2B009F60BD /* MainInteractor.swift */; };
		068048FC29C8B728009F60BD /* MainTabBarController.swift in Sources */ = {isa = PBXBuildFile; fileRef = 068048FB29C8B728009F60BD /* MainTabBarController.swift */; };
		06CDC99929C758C300DA3E3A /* AppDelegate.swift in Sources */ = {isa = PBXBuildFile; fileRef = 06CDC99829C758C300DA3E3A /* AppDelegate.swift */; };
		06CDC99B29C758C300DA3E3A /* SceneDelegate.swift in Sources */ = {isa = PBXBuildFile; fileRef = 06CDC99A29C758C300DA3E3A /* SceneDelegate.swift */; };
		06CDC99D29C758C300DA3E3A /* ViewController.swift in Sources */ = {isa = PBXBuildFile; fileRef = 06CDC99C29C758C300DA3E3A /* ViewController.swift */; };
		06CDC9A229C758C900DA3E3A /* Assets.xcassets in Resources */ = {isa = PBXBuildFile; fileRef = 06CDC9A129C758C900DA3E3A /* Assets.xcassets */; };
		06CDC9A529C758C900DA3E3A /* LaunchScreen.storyboard in Resources */ = {isa = PBXBuildFile; fileRef = 06CDC9A329C758C900DA3E3A /* LaunchScreen.storyboard */; };
		06CDC9AD29C75A8900DA3E3A /* CollectionViewCell.swift in Sources */ = {isa = PBXBuildFile; fileRef = 06CDC9AC29C75A8900DA3E3A /* CollectionViewCell.swift */; };
/* End PBXBuildFile section */

/* Begin PBXFileReference section */
		068048EC29C8AE2B009F60BD /* MainPresenter.swift */ = {isa = PBXFileReference; lastKnownFileType = sourcecode.swift; path = MainPresenter.swift; sourceTree = "<group>"; };
		068048ED29C8AE2B009F60BD /* MainWorker.swift */ = {isa = PBXFileReference; lastKnownFileType = sourcecode.swift; path = MainWorker.swift; sourceTree = "<group>"; };
		068048EE29C8AE2B009F60BD /* MainRouter.swift */ = {isa = PBXFileReference; lastKnownFileType = sourcecode.swift; path = MainRouter.swift; sourceTree = "<group>"; };
		068048EF29C8AE2B009F60BD /* MainModels.swift */ = {isa = PBXFileReference; lastKnownFileType = sourcecode.swift; path = MainModels.swift; sourceTree = "<group>"; };
		068048F029C8AE2B009F60BD /* MainViewController.swift */ = {isa = PBXFileReference; lastKnownFileType = sourcecode.swift; path = MainViewController.swift; sourceTree = "<group>"; };
		068048F129C8AE2B009F60BD /* MainInteractor.swift */ = {isa = PBXFileReference; lastKnownFileType = sourcecode.swift; path = MainInteractor.swift; sourceTree = "<group>"; };
		068048FB29C8B728009F60BD /* MainTabBarController.swift */ = {isa = PBXFileReference; lastKnownFileType = sourcecode.swift; path = MainTabBarController.swift; sourceTree = "<group>"; };
		06CDC99529C758C300DA3E3A /* Swifter.app */ = {isa = PBXFileReference; explicitFileType = wrapper.application; includeInIndex = 0; path = Swifter.app; sourceTree = BUILT_PRODUCTS_DIR; };
		06CDC99829C758C300DA3E3A /* AppDelegate.swift */ = {isa = PBXFileReference; lastKnownFileType = sourcecode.swift; path = AppDelegate.swift; sourceTree = "<group>"; };
		06CDC99A29C758C300DA3E3A /* SceneDelegate.swift */ = {isa = PBXFileReference; lastKnownFileType = sourcecode.swift; path = SceneDelegate.swift; sourceTree = "<group>"; };
		06CDC99C29C758C300DA3E3A /* ViewController.swift */ = {isa = PBXFileReference; lastKnownFileType = sourcecode.swift; path = ViewController.swift; sourceTree = "<group>"; };
		06CDC9A129C758C900DA3E3A /* Assets.xcassets */ = {isa = PBXFileReference; lastKnownFileType = folder.assetcatalog; path = Assets.xcassets; sourceTree = "<group>"; };
		06CDC9A429C758C900DA3E3A /* Base */ = {isa = PBXFileReference; lastKnownFileType = file.storyboard; name = Base; path = Base.lproj/LaunchScreen.storyboard; sourceTree = "<group>"; };
		06CDC9A629C758C900DA3E3A /* Info.plist */ = {isa = PBXFileReference; lastKnownFileType = text.plist.xml; path = Info.plist; sourceTree = "<group>"; };
		06CDC9AC29C75A8900DA3E3A /* CollectionViewCell.swift */ = {isa = PBXFileReference; lastKnownFileType = sourcecode.swift; path = CollectionViewCell.swift; sourceTree = "<group>"; };
/* End PBXFileReference section */

/* Begin PBXFrameworksBuildPhase section */
		06CDC99229C758C300DA3E3A /* Frameworks */ = {
			isa = PBXFrameworksBuildPhase;
			buildActionMask = 2147483647;
			files = (
			);
			runOnlyForDeploymentPostprocessing = 0;
		};
/* End PBXFrameworksBuildPhase section */

/* Begin PBXGroup section */
		068048F929C8AE50009F60BD /* Main */ = {
			isa = PBXGroup;
			children = (
				068048F029C8AE2B009F60BD /* MainViewController.swift */,
				068048F129C8AE2B009F60BD /* MainInteractor.swift */,
				068048EC29C8AE2B009F60BD /* MainPresenter.swift */,
				068048ED29C8AE2B009F60BD /* MainWorker.swift */,
				068048EE29C8AE2B009F60BD /* MainRouter.swift */,
				068048EF29C8AE2B009F60BD /* MainModels.swift */,
			);
			path = Main;
			sourceTree = "<group>";
		};
		068048FA29C8AE97009F60BD /* Scenes */ = {
			isa = PBXGroup;
			children = (
				068048F929C8AE50009F60BD /* Main */,
			);
			path = Scenes;
			sourceTree = "<group>";
		};
		06CDC98C29C758C300DA3E3A = {
			isa = PBXGroup;
			children = (
				06CDC99729C758C300DA3E3A /* Swifter */,
				06CDC99629C758C300DA3E3A /* Products */,
			);
			sourceTree = "<group>";
		};
		06CDC99629C758C300DA3E3A /* Products */ = {
			isa = PBXGroup;
			children = (
				06CDC99529C758C300DA3E3A /* Swifter.app */,
			);
			name = Products;
			sourceTree = "<group>";
		};
		06CDC99729C758C300DA3E3A /* Swifter */ = {
			isa = PBXGroup;
			children = (
				068048FA29C8AE97009F60BD /* Scenes */,
				06CDC99829C758C300DA3E3A /* AppDelegate.swift */,
				06CDC99A29C758C300DA3E3A /* SceneDelegate.swift */,
				06CDC99C29C758C300DA3E3A /* ViewController.swift */,
				068048FB29C8B728009F60BD /* MainTabBarController.swift */,
				06CDC9AC29C75A8900DA3E3A /* CollectionViewCell.swift */,
				06CDC9A129C758C900DA3E3A /* Assets.xcassets */,
				06CDC9A329C758C900DA3E3A /* LaunchScreen.storyboard */,
				06CDC9A629C758C900DA3E3A /* Info.plist */,
			);
			path = Swifter;
			sourceTree = "<group>";
		};
/* End PBXGroup section */

/* Begin PBXNativeTarget section */
		06CDC99429C758C300DA3E3A /* Swifter */ = {
			isa = PBXNativeTarget;
			buildConfigurationList = 06CDC9A929C758C900DA3E3A /* Build configuration list for PBXNativeTarget "Swifter" */;
			buildPhases = (
				06CDC99129C758C300DA3E3A /* Sources */,
				06CDC99229C758C300DA3E3A /* Frameworks */,
				06CDC99329C758C300DA3E3A /* Resources */,
			);
			buildRules = (
			);
			dependencies = (
			);
			name = Swifter;
			productName = Swifter;
			productReference = 06CDC99529C758C300DA3E3A /* Swifter.app */;
			productType = "com.apple.product-type.application";
		};
/* End PBXNativeTarget section */

/* Begin PBXProject section */
		06CDC98D29C758C300DA3E3A /* Project object */ = {
			isa = PBXProject;
			attributes = {
				BuildIndependentTargetsInParallel = 1;
				LastSwiftUpdateCheck = 1420;
				LastUpgradeCheck = 1420;
				TargetAttributes = {
					06CDC99429C758C300DA3E3A = {
						CreatedOnToolsVersion = 14.2;
					};
				};
			};
			buildConfigurationList = 06CDC99029C758C300DA3E3A /* Build configuration list for PBXProject "Swifter" */;
			compatibilityVersion = "Xcode 14.0";
			developmentRegion = en;
			hasScannedForEncodings = 0;
			knownRegions = (
				en,
				Base,
			);
			mainGroup = 06CDC98C29C758C300DA3E3A;
			productRefGroup = 06CDC99629C758C300DA3E3A /* Products */;
			projectDirPath = "";
			projectRoot = "";
			targets = (
				06CDC99429C758C300DA3E3A /* Swifter */,
			);
		};
/* End PBXProject section */

/* Begin PBXResourcesBuildPhase section */
		06CDC99329C758C300DA3E3A /* Resources */ = {
			isa = PBXResourcesBuildPhase;
			buildActionMask = 2147483647;
			files = (
				06CDC9A529C758C900DA3E3A /* LaunchScreen.storyboard in Resources */,
				06CDC9A229C758C900DA3E3A /* Assets.xcassets in Resources */,
			);
			runOnlyForDeploymentPostprocessing = 0;
		};
/* End PBXResourcesBuildPhase section */

/* Begin PBXSourcesBuildPhase section */
		06CDC99129C758C300DA3E3A /* Sources */ = {
			isa = PBXSourcesBuildPhase;
			buildActionMask = 2147483647;
			files = (
				068048F229C8AE2B009F60BD /* MainPresenter.swift in Sources */,
				068048F429C8AE2B009F60BD /* MainRouter.swift in Sources */,
				068048FC29C8B728009F60BD /* MainTabBarController.swift in Sources */,
				06CDC99D29C758C300DA3E3A /* ViewController.swift in Sources */,
				068048F729C8AE2B009F60BD /* MainInteractor.swift in Sources */,
				06CDC99929C758C300DA3E3A /* AppDelegate.swift in Sources */,
				068048F529C8AE2B009F60BD /* MainModels.swift in Sources */,
				06CDC9AD29C75A8900DA3E3A /* CollectionViewCell.swift in Sources */,
				068048F629C8AE2B009F60BD /* MainViewController.swift in Sources */,
				068048F329C8AE2B009F60BD /* MainWorker.swift in Sources */,
				06CDC99B29C758C300DA3E3A /* SceneDelegate.swift in Sources */,
			);
			runOnlyForDeploymentPostprocessing = 0;
		};
/* End PBXSourcesBuildPhase section */

/* Begin PBXVariantGroup section */
		06CDC9A329C758C900DA3E3A /* LaunchScreen.storyboard */ = {
			isa = PBXVariantGroup;
			children = (
				06CDC9A429C758C900DA3E3A /* Base */,
			);
			name = LaunchScreen.storyboard;
			sourceTree = "<group>";
		};
/* End PBXVariantGroup section */

/* Begin XCBuildConfiguration section */
		06CDC9A729C758C900DA3E3A /* Debug */ = {
			isa = XCBuildConfiguration;
			buildSettings = {
				ALWAYS_SEARCH_USER_PATHS = NO;
				CLANG_ANALYZER_NONNULL = YES;
				CLANG_ANALYZER_NUMBER_OBJECT_CONVERSION = YES_AGGRESSIVE;
				CLANG_CXX_LANGUAGE_STANDARD = "gnu++20";
				CLANG_ENABLE_MODULES = YES;
				CLANG_ENABLE_OBJC_ARC = YES;
				CLANG_ENABLE_OBJC_WEAK = YES;
				CLANG_WARN_BLOCK_CAPTURE_AUTORELEASING = YES;
				CLANG_WARN_BOOL_CONVERSION = YES;
				CLANG_WARN_COMMA = YES;
				CLANG_WARN_CONSTANT_CONVERSION = YES;
				CLANG_WARN_DEPRECATED_OBJC_IMPLEMENTATIONS = YES;
				CLANG_WARN_DIRECT_OBJC_ISA_USAGE = YES_ERROR;
				CLANG_WARN_DOCUMENTATION_COMMENTS = YES;
				CLANG_WARN_EMPTY_BODY = YES;
				CLANG_WARN_ENUM_CONVERSION = YES;
				CLANG_WARN_INFINITE_RECURSION = YES;
				CLANG_WARN_INT_CONVERSION = YES;
				CLANG_WARN_NON_LITERAL_NULL_CONVERSION = YES;
				CLANG_WARN_OBJC_IMPLICIT_RETAIN_SELF = YES;
				CLANG_WARN_OBJC_LITERAL_CONVERSION = YES;
				CLANG_WARN_OBJC_ROOT_CLASS = YES_ERROR;
				CLANG_WARN_QUOTED_INCLUDE_IN_FRAMEWORK_HEADER = YES;
				CLANG_WARN_RANGE_LOOP_ANALYSIS = YES;
				CLANG_WARN_STRICT_PROTOTYPES = YES;
				CLANG_WARN_SUSPICIOUS_MOVE = YES;
				CLANG_WARN_UNGUARDED_AVAILABILITY = YES_AGGRESSIVE;
				CLANG_WARN_UNREACHABLE_CODE = YES;
				CLANG_WARN__DUPLICATE_METHOD_MATCH = YES;
				COPY_PHASE_STRIP = NO;
				DEBUG_INFORMATION_FORMAT = dwarf;
				ENABLE_STRICT_OBJC_MSGSEND = YES;
				ENABLE_TESTABILITY = YES;
				GCC_C_LANGUAGE_STANDARD = gnu11;
				GCC_DYNAMIC_NO_PIC = NO;
				GCC_NO_COMMON_BLOCKS = YES;
				GCC_OPTIMIZATION_LEVEL = 0;
				GCC_PREPROCESSOR_DEFINITIONS = (
					"DEBUG=1",
					"$(inherited)",
				);
				GCC_WARN_64_TO_32_BIT_CONVERSION = YES;
				GCC_WARN_ABOUT_RETURN_TYPE = YES_ERROR;
				GCC_WARN_UNDECLARED_SELECTOR = YES;
				GCC_WARN_UNINITIALIZED_AUTOS = YES_AGGRESSIVE;
				GCC_WARN_UNUSED_FUNCTION = YES;
				GCC_WARN_UNUSED_VARIABLE = YES;
				IPHONEOS_DEPLOYMENT_TARGET = 16.2;
				MTL_ENABLE_DEBUG_INFO = INCLUDE_SOURCE;
				MTL_FAST_MATH = YES;
				ONLY_ACTIVE_ARCH = YES;
				SDKROOT = iphoneos;
				SWIFT_ACTIVE_COMPILATION_CONDITIONS = DEBUG;
				SWIFT_OPTIMIZATION_LEVEL = "-Onone";
			};
			name = Debug;
		};
		06CDC9A829C758C900DA3E3A /* Release */ = {
			isa = XCBuildConfiguration;
			buildSettings = {
				ALWAYS_SEARCH_USER_PATHS = NO;
				CLANG_ANALYZER_NONNULL = YES;
				CLANG_ANALYZER_NUMBER_OBJECT_CONVERSION = YES_AGGRESSIVE;
				CLANG_CXX_LANGUAGE_STANDARD = "gnu++20";
				CLANG_ENABLE_MODULES = YES;
				CLANG_ENABLE_OBJC_ARC = YES;
				CLANG_ENABLE_OBJC_WEAK = YES;
				CLANG_WARN_BLOCK_CAPTURE_AUTORELEASING = YES;
				CLANG_WARN_BOOL_CONVERSION = YES;
				CLANG_WARN_COMMA = YES;
				CLANG_WARN_CONSTANT_CONVERSION = YES;
				CLANG_WARN_DEPRECATED_OBJC_IMPLEMENTATIONS = YES;
				CLANG_WARN_DIRECT_OBJC_ISA_USAGE = YES_ERROR;
				CLANG_WARN_DOCUMENTATION_COMMENTS = YES;
				CLANG_WARN_EMPTY_BODY = YES;
				CLANG_WARN_ENUM_CONVERSION = YES;
				CLANG_WARN_INFINITE_RECURSION = YES;
				CLANG_WARN_INT_CONVERSION = YES;
				CLANG_WARN_NON_LITERAL_NULL_CONVERSION = YES;
				CLANG_WARN_OBJC_IMPLICIT_RETAIN_SELF = YES;
				CLANG_WARN_OBJC_LITERAL_CONVERSION = YES;
				CLANG_WARN_OBJC_ROOT_CLASS = YES_ERROR;
				CLANG_WARN_QUOTED_INCLUDE_IN_FRAMEWORK_HEADER = YES;
				CLANG_WARN_RANGE_LOOP_ANALYSIS = YES;
				CLANG_WARN_STRICT_PROTOTYPES = YES;
				CLANG_WARN_SUSPICIOUS_MOVE = YES;
				CLANG_WARN_UNGUARDED_AVAILABILITY = YES_AGGRESSIVE;
				CLANG_WARN_UNREACHABLE_CODE = YES;
				CLANG_WARN__DUPLICATE_METHOD_MATCH = YES;
				COPY_PHASE_STRIP = NO;
				DEBUG_INFORMATION_FORMAT = "dwarf-with-dsym";
				ENABLE_NS_ASSERTIONS = NO;
				ENABLE_STRICT_OBJC_MSGSEND = YES;
				GCC_C_LANGUAGE_STANDARD = gnu11;
				GCC_NO_COMMON_BLOCKS = YES;
				GCC_WARN_64_TO_32_BIT_CONVERSION = YES;
				GCC_WARN_ABOUT_RETURN_TYPE = YES_ERROR;
				GCC_WARN_UNDECLARED_SELECTOR = YES;
				GCC_WARN_UNINITIALIZED_AUTOS = YES_AGGRESSIVE;
				GCC_WARN_UNUSED_FUNCTION = YES;
				GCC_WARN_UNUSED_VARIABLE = YES;
				IPHONEOS_DEPLOYMENT_TARGET = 16.2;
				MTL_ENABLE_DEBUG_INFO = NO;
				MTL_FAST_MATH = YES;
				SDKROOT = iphoneos;
				SWIFT_COMPILATION_MODE = wholemodule;
				SWIFT_OPTIMIZATION_LEVEL = "-O";
				VALIDATE_PRODUCT = YES;
			};
			name = Release;
		};
		06CDC9AA29C758C900DA3E3A /* Debug */ = {
			isa = XCBuildConfiguration;
			buildSettings = {
				ASSETCATALOG_COMPILER_APPICON_NAME = AppIcon;
				ASSETCATALOG_COMPILER_GLOBAL_ACCENT_COLOR_NAME = AccentColor;
				CODE_SIGN_STYLE = Automatic;
				CURRENT_PROJECT_VERSION = 1;
				DEVELOPMENT_TEAM = T5K8V44L2C;
				GENERATE_INFOPLIST_FILE = YES;
				INFOPLIST_FILE = Swifter/Info.plist;
				INFOPLIST_KEY_UIApplicationSupportsIndirectInputEvents = YES;
				INFOPLIST_KEY_UILaunchStoryboardName = LaunchScreen;
				INFOPLIST_KEY_UISupportedInterfaceOrientations_iPad = "UIInterfaceOrientationPortrait UIInterfaceOrientationPortraitUpsideDown UIInterfaceOrientationLandscapeLeft UIInterfaceOrientationLandscapeRight";
				INFOPLIST_KEY_UISupportedInterfaceOrientations_iPhone = "UIInterfaceOrientationPortrait UIInterfaceOrientationLandscapeLeft UIInterfaceOrientationLandscapeRight";
				LD_RUNPATH_SEARCH_PATHS = (
					"$(inherited)",
					"@executable_path/Frameworks",
				);
				MARKETING_VERSION = 1.0;
				PRODUCT_BUNDLE_IDENTIFIER = ArtsiomSulzhenka.Swifter;
				PRODUCT_NAME = "$(TARGET_NAME)";
				SWIFT_EMIT_LOC_STRINGS = YES;
				SWIFT_VERSION = 5.0;
				TARGETED_DEVICE_FAMILY = "1,2";
			};
			name = Debug;
		};
		06CDC9AB29C758C900DA3E3A /* Release */ = {
			isa = XCBuildConfiguration;
			buildSettings = {
				ASSETCATALOG_COMPILER_APPICON_NAME = AppIcon;
				ASSETCATALOG_COMPILER_GLOBAL_ACCENT_COLOR_NAME = AccentColor;
				CODE_SIGN_STYLE = Automatic;
				CURRENT_PROJECT_VERSION = 1;
				DEVELOPMENT_TEAM = T5K8V44L2C;
				GENERATE_INFOPLIST_FILE = YES;
				INFOPLIST_FILE = Swifter/Info.plist;
				INFOPLIST_KEY_UIApplicationSupportsIndirectInputEvents = YES;
				INFOPLIST_KEY_UILaunchStoryboardName = LaunchScreen;
				INFOPLIST_KEY_UISupportedInterfaceOrientations_iPad = "UIInterfaceOrientationPortrait UIInterfaceOrientationPortraitUpsideDown UIInterfaceOrientationLandscapeLeft UIInterfaceOrientationLandscapeRight";
				INFOPLIST_KEY_UISupportedInterfaceOrientations_iPhone = "UIInterfaceOrientationPortrait UIInterfaceOrientationLandscapeLeft UIInterfaceOrientationLandscapeRight";
				LD_RUNPATH_SEARCH_PATHS = (
					"$(inherited)",
					"@executable_path/Frameworks",
				);
				MARKETING_VERSION = 1.0;
				PRODUCT_BUNDLE_IDENTIFIER = ArtsiomSulzhenka.Swifter;
				PRODUCT_NAME = "$(TARGET_NAME)";
				SWIFT_EMIT_LOC_STRINGS = YES;
				SWIFT_VERSION = 5.0;
				TARGETED_DEVICE_FAMILY = "1,2";
			};
			name = Release;
		};
/* End XCBuildConfiguration section */

/* Begin XCConfigurationList section */
		06CDC99029C758C300DA3E3A /* Build configuration list for PBXProject "Swifter" */ = {
			isa = XCConfigurationList;
			buildConfigurations = (
				06CDC9A729C758C900DA3E3A /* Debug */,
				06CDC9A829C758C900DA3E3A /* Release */,
			);
			defaultConfigurationIsVisible = 0;
			defaultConfigurationName = Release;
		};
		06CDC9A929C758C900DA3E3A /* Build configuration list for PBXNativeTarget "Swifter" */ = {
			isa = XCConfigurationList;
			buildConfigurations = (
				06CDC9AA29C758C900DA3E3A /* Debug */,
				06CDC9AB29C758C900DA3E3A /* Release */,
			);
			defaultConfigurationIsVisible = 0;
			defaultConfigurationName = Release;
		};
/* End XCConfigurationList section */
	};
	rootObject = 06CDC98D29C758C300DA3E3A /* Project object */;
}
