// !$*UTF8*$!
{
	archiveVersion = 1;
	classes = {
	};
	objectVersion = 56;
	objects = {

/* Begin PBXBuildFile section */
		068D7A0729E028C40065CEC9 /* CategoriesViewModel.swift in Sources */ = {isa = PBXBuildFile; fileRef = 068D7A0629E028C40065CEC9 /* CategoriesViewModel.swift */; };
		068D7A0B29E03CD70065CEC9 /* CategoriesCellViewModel.swift in Sources */ = {isa = PBXBuildFile; fileRef = 068D7A0A29E03CD60065CEC9 /* CategoriesCellViewModel.swift */; };
		068D7A1029E045AF0065CEC9 /* Disket-Mono-Regular.ttf in Resources */ = {isa = PBXBuildFile; fileRef = 068D7A0E29E045AF0065CEC9 /* Disket-Mono-Regular.ttf */; };
		068D7A1129E045AF0065CEC9 /* Disket-Mono-Bold.ttf in Resources */ = {isa = PBXBuildFile; fileRef = 068D7A0F29E045AF0065CEC9 /* Disket-Mono-Bold.ttf */; };
		068D7A1429E1E12F0065CEC9 /* CategoryDetailListViewController.swift in Sources */ = {isa = PBXBuildFile; fileRef = 068D7A1329E1E12F0065CEC9 /* CategoryDetailListViewController.swift */; };
		06B9B04329CC6FBA00969C3C /* Category.swift in Sources */ = {isa = PBXBuildFile; fileRef = 06B9B04229CC6FBA00969C3C /* Category.swift */; };
		06CDC99929C758C300DA3E3A /* AppDelegate.swift in Sources */ = {isa = PBXBuildFile; fileRef = 06CDC99829C758C300DA3E3A /* AppDelegate.swift */; };
		06CDC99B29C758C300DA3E3A /* SceneDelegate.swift in Sources */ = {isa = PBXBuildFile; fileRef = 06CDC99A29C758C300DA3E3A /* SceneDelegate.swift */; };
		06CDC99D29C758C300DA3E3A /* CategoriesViewController.swift in Sources */ = {isa = PBXBuildFile; fileRef = 06CDC99C29C758C300DA3E3A /* CategoriesViewController.swift */; };
		06CDC9A229C758C900DA3E3A /* Assets.xcassets in Resources */ = {isa = PBXBuildFile; fileRef = 06CDC9A129C758C900DA3E3A /* Assets.xcassets */; };
		06CDC9A529C758C900DA3E3A /* LaunchScreen.storyboard in Resources */ = {isa = PBXBuildFile; fileRef = 06CDC9A329C758C900DA3E3A /* LaunchScreen.storyboard */; };
		06CDC9AD29C75A8900DA3E3A /* CategoriesCollectionViewCell.swift in Sources */ = {isa = PBXBuildFile; fileRef = 06CDC9AC29C75A8900DA3E3A /* CategoriesCollectionViewCell.swift */; };
		C56E4D1B1031AC8BC699667E /* Pods_Swifter.framework in Frameworks */ = {isa = PBXBuildFile; fileRef = 0A6AA999BFB13CAE2A4CD1B4 /* Pods_Swifter.framework */; };
/* End PBXBuildFile section */

/* Begin PBXFileReference section */
		068D7A0629E028C40065CEC9 /* CategoriesViewModel.swift */ = {isa = PBXFileReference; lastKnownFileType = sourcecode.swift; path = CategoriesViewModel.swift; sourceTree = "<group>"; };
		068D7A0A29E03CD60065CEC9 /* CategoriesCellViewModel.swift */ = {isa = PBXFileReference; lastKnownFileType = sourcecode.swift; path = CategoriesCellViewModel.swift; sourceTree = "<group>"; };
		068D7A0E29E045AF0065CEC9 /* Disket-Mono-Regular.ttf */ = {isa = PBXFileReference; lastKnownFileType = file; name = "Disket-Mono-Regular.ttf"; path = "../../../../../../../.Trash/Disket Mono 12.16.10/Disket-Mono-Regular.ttf"; sourceTree = "<group>"; };
		068D7A0F29E045AF0065CEC9 /* Disket-Mono-Bold.ttf */ = {isa = PBXFileReference; lastKnownFileType = file; name = "Disket-Mono-Bold.ttf"; path = "../../../../../../../.Trash/Disket Mono 12.16.10/Disket-Mono-Bold.ttf"; sourceTree = "<group>"; };
		068D7A1329E1E12F0065CEC9 /* CategoryDetailListViewController.swift */ = {isa = PBXFileReference; lastKnownFileType = sourcecode.swift; path = CategoryDetailListViewController.swift; sourceTree = "<group>"; };
		06B9B04229CC6FBA00969C3C /* Category.swift */ = {isa = PBXFileReference; lastKnownFileType = sourcecode.swift; path = Category.swift; sourceTree = "<group>"; };
		06CDC99529C758C300DA3E3A /* Swifter.app */ = {isa = PBXFileReference; explicitFileType = wrapper.application; includeInIndex = 0; path = Swifter.app; sourceTree = BUILT_PRODUCTS_DIR; };
		06CDC99829C758C300DA3E3A /* AppDelegate.swift */ = {isa = PBXFileReference; lastKnownFileType = sourcecode.swift; path = AppDelegate.swift; sourceTree = "<group>"; };
		06CDC99A29C758C300DA3E3A /* SceneDelegate.swift */ = {isa = PBXFileReference; lastKnownFileType = sourcecode.swift; path = SceneDelegate.swift; sourceTree = "<group>"; };
		06CDC99C29C758C300DA3E3A /* CategoriesViewController.swift */ = {isa = PBXFileReference; lastKnownFileType = sourcecode.swift; path = CategoriesViewController.swift; sourceTree = "<group>"; };
		06CDC9A129C758C900DA3E3A /* Assets.xcassets */ = {isa = PBXFileReference; lastKnownFileType = folder.assetcatalog; path = Assets.xcassets; sourceTree = "<group>"; };
		06CDC9A429C758C900DA3E3A /* Base */ = {isa = PBXFileReference; lastKnownFileType = file.storyboard; name = Base; path = Base.lproj/LaunchScreen.storyboard; sourceTree = "<group>"; };
		06CDC9A629C758C900DA3E3A /* Info.plist */ = {isa = PBXFileReference; lastKnownFileType = text.plist.xml; path = Info.plist; sourceTree = "<group>"; };
		06CDC9AC29C75A8900DA3E3A /* CategoriesCollectionViewCell.swift */ = {isa = PBXFileReference; lastKnownFileType = sourcecode.swift; path = CategoriesCollectionViewCell.swift; sourceTree = "<group>"; };
		0A6AA999BFB13CAE2A4CD1B4 /* Pods_Swifter.framework */ = {isa = PBXFileReference; explicitFileType = wrapper.framework; includeInIndex = 0; path = Pods_Swifter.framework; sourceTree = BUILT_PRODUCTS_DIR; };
		81597787A7FED2F320E337EA /* Pods-Swifter.debug.xcconfig */ = {isa = PBXFileReference; includeInIndex = 1; lastKnownFileType = text.xcconfig; name = "Pods-Swifter.debug.xcconfig"; path = "Target Support Files/Pods-Swifter/Pods-Swifter.debug.xcconfig"; sourceTree = "<group>"; };
		E1C8C7C1B570A498919D09FD /* Pods-Swifter.release.xcconfig */ = {isa = PBXFileReference; includeInIndex = 1; lastKnownFileType = text.xcconfig; name = "Pods-Swifter.release.xcconfig"; path = "Target Support Files/Pods-Swifter/Pods-Swifter.release.xcconfig"; sourceTree = "<group>"; };
/* End PBXFileReference section */

/* Begin PBXFrameworksBuildPhase section */
		06CDC99229C758C300DA3E3A /* Frameworks */ = {
			isa = PBXFrameworksBuildPhase;
			buildActionMask = 2147483647;
			files = (
				C56E4D1B1031AC8BC699667E /* Pods_Swifter.framework in Frameworks */,
			);
			runOnlyForDeploymentPostprocessing = 0;
		};
/* End PBXFrameworksBuildPhase section */

/* Begin PBXGroup section */
		068048FA29C8AE97009F60BD /* Scenes */ = {
			isa = PBXGroup;
			children = (
				068048FD29CA0A83009F60BD /* Categories */,
				068D7A1229E1E0DE0065CEC9 /* CategoryDetailList */,
			);
			path = Scenes;
			sourceTree = "<group>";
		};
		068048FD29CA0A83009F60BD /* Categories */ = {
			isa = PBXGroup;
			children = (
				068048FE29CA0ACB009F60BD /* CategoriesCell */,
				06CDC99C29C758C300DA3E3A /* CategoriesViewController.swift */,
				068D7A0629E028C40065CEC9 /* CategoriesViewModel.swift */,
			);
			path = Categories;
			sourceTree = "<group>";
		};
		068048FE29CA0ACB009F60BD /* CategoriesCell */ = {
			isa = PBXGroup;
			children = (
				06CDC9AC29C75A8900DA3E3A /* CategoriesCollectionViewCell.swift */,
				068D7A0A29E03CD60065CEC9 /* CategoriesCellViewModel.swift */,
			);
			path = CategoriesCell;
			sourceTree = "<group>";
		};
		068D7A0C29E045340065CEC9 /* Supporting Files */ = {
			isa = PBXGroup;
			children = (
				06CDC99829C758C300DA3E3A /* AppDelegate.swift */,
				06CDC99A29C758C300DA3E3A /* SceneDelegate.swift */,
				06CDC9A629C758C900DA3E3A /* Info.plist */,
			);
			path = "Supporting Files";
			sourceTree = "<group>";
		};
		068D7A0D29E0457D0065CEC9 /* Resources */ = {
			isa = PBXGroup;
			children = (
				06CDC9A329C758C900DA3E3A /* LaunchScreen.storyboard */,
				06CDC9A129C758C900DA3E3A /* Assets.xcassets */,
				06B9B04429CC86DF00969C3C /* Fonts */,
			);
			path = Resources;
			sourceTree = "<group>";
		};
		068D7A1229E1E0DE0065CEC9 /* CategoryDetailList */ = {
			isa = PBXGroup;
			children = (
				068D7A1329E1E12F0065CEC9 /* CategoryDetailListViewController.swift */,
			);
			path = CategoryDetailList;
			sourceTree = "<group>";
		};
		06B9B04129CC6F8300969C3C /* Model */ = {
			isa = PBXGroup;
			children = (
				06B9B04229CC6FBA00969C3C /* Category.swift */,
			);
			path = Model;
			sourceTree = "<group>";
		};
		06B9B04429CC86DF00969C3C /* Fonts */ = {
			isa = PBXGroup;
			children = (
				068D7A0F29E045AF0065CEC9 /* Disket-Mono-Bold.ttf */,
				068D7A0E29E045AF0065CEC9 /* Disket-Mono-Regular.ttf */,
			);
			path = Fonts;
			sourceTree = "<group>";
		};
		06CDC98C29C758C300DA3E3A = {
			isa = PBXGroup;
			children = (
				06CDC99729C758C300DA3E3A /* Swifter */,
				06CDC99629C758C300DA3E3A /* Products */,
				CD0FCD9C2FA76ACD0FABD05C /* Pods */,
				AED01260B51D1BC0B835DADB /* Frameworks */,
			);
			sourceTree = "<group>";
		};
		06CDC99629C758C300DA3E3A /* Products */ = {
			isa = PBXGroup;
			children = (
				06CDC99529C758C300DA3E3A /* Swifter.app */,
			);
			name = Products;
			sourceTree = "<group>";
		};
		06CDC99729C758C300DA3E3A /* Swifter */ = {
			isa = PBXGroup;
			children = (
				068048FA29C8AE97009F60BD /* Scenes */,
				06B9B04129CC6F8300969C3C /* Model */,
				068D7A0C29E045340065CEC9 /* Supporting Files */,
				068D7A0D29E0457D0065CEC9 /* Resources */,
			);
			path = Swifter;
			sourceTree = "<group>";
		};
		AED01260B51D1BC0B835DADB /* Frameworks */ = {
			isa = PBXGroup;
			children = (
				0A6AA999BFB13CAE2A4CD1B4 /* Pods_Swifter.framework */,
			);
			name = Frameworks;
			sourceTree = "<group>";
		};
		CD0FCD9C2FA76ACD0FABD05C /* Pods */ = {
			isa = PBXGroup;
			children = (
				81597787A7FED2F320E337EA /* Pods-Swifter.debug.xcconfig */,
				E1C8C7C1B570A498919D09FD /* Pods-Swifter.release.xcconfig */,
			);
			path = Pods;
			sourceTree = "<group>";
		};
/* End PBXGroup section */

/* Begin PBXNativeTarget section */
		06CDC99429C758C300DA3E3A /* Swifter */ = {
			isa = PBXNativeTarget;
			buildConfigurationList = 06CDC9A929C758C900DA3E3A /* Build configuration list for PBXNativeTarget "Swifter" */;
			buildPhases = (
				93E7F4BBC8761F0509496DF0 /* [CP] Check Pods Manifest.lock */,
				06B9B04029CC4D2000969C3C /* SwiftLint */,
				06CDC99129C758C300DA3E3A /* Sources */,
				06CDC99229C758C300DA3E3A /* Frameworks */,
				06CDC99329C758C300DA3E3A /* Resources */,
				9311C09B15FB40EE9C7C8B98 /* [CP] Embed Pods Frameworks */,
			);
			buildRules = (
			);
			dependencies = (
			);
			name = Swifter;
			productName = Swifter;
			productReference = 06CDC99529C758C300DA3E3A /* Swifter.app */;
			productType = "com.apple.product-type.application";
		};
/* End PBXNativeTarget section */

/* Begin PBXProject section */
		06CDC98D29C758C300DA3E3A /* Project object */ = {
			isa = PBXProject;
			attributes = {
				BuildIndependentTargetsInParallel = 1;
				LastSwiftUpdateCheck = 1420;
				LastUpgradeCheck = 1420;
				TargetAttributes = {
					06CDC99429C758C300DA3E3A = {
						CreatedOnToolsVersion = 14.2;
					};
				};
			};
			buildConfigurationList = 06CDC99029C758C300DA3E3A /* Build configuration list for PBXProject "Swifter" */;
			compatibilityVersion = "Xcode 14.0";
			developmentRegion = en;
			hasScannedForEncodings = 0;
			knownRegions = (
				en,
				Base,
			);
			mainGroup = 06CDC98C29C758C300DA3E3A;
			productRefGroup = 06CDC99629C758C300DA3E3A /* Products */;
			projectDirPath = "";
			projectRoot = "";
			targets = (
				06CDC99429C758C300DA3E3A /* Swifter */,
			);
		};
/* End PBXProject section */

/* Begin PBXResourcesBuildPhase section */
		06CDC99329C758C300DA3E3A /* Resources */ = {
			isa = PBXResourcesBuildPhase;
			buildActionMask = 2147483647;
			files = (
				068D7A1129E045AF0065CEC9 /* Disket-Mono-Bold.ttf in Resources */,
				068D7A1029E045AF0065CEC9 /* Disket-Mono-Regular.ttf in Resources */,
				06CDC9A529C758C900DA3E3A /* LaunchScreen.storyboard in Resources */,
				06CDC9A229C758C900DA3E3A /* Assets.xcassets in Resources */,
			);
			runOnlyForDeploymentPostprocessing = 0;
		};
/* End PBXResourcesBuildPhase section */

/* Begin PBXShellScriptBuildPhase section */
		06B9B04029CC4D2000969C3C /* SwiftLint */ = {
			isa = PBXShellScriptBuildPhase;
			alwaysOutOfDate = 1;
			buildActionMask = 2147483647;
			files = (
			);
			inputFileListPaths = (
			);
			inputPaths = (
			);
			name = SwiftLint;
			outputFileListPaths = (
			);
			outputPaths = (
			);
			runOnlyForDeploymentPostprocessing = 0;
			shellPath = /bin/sh;
			shellScript = "export PATH=\"$PATH:/opt/homebrew/bin\"\nif which swiftlint > /dev/null; then\n  swiftlint\nelse\n  echo \"warning: SwiftLint not installed, download from https://github.com/realm/SwiftLint\"\nfi\n";
		};
		9311C09B15FB40EE9C7C8B98 /* [CP] Embed Pods Frameworks */ = {
			isa = PBXShellScriptBuildPhase;
			buildActionMask = 2147483647;
			files = (
			);
			inputFileListPaths = (
				"${PODS_ROOT}/Target Support Files/Pods-Swifter/Pods-Swifter-frameworks-${CONFIGURATION}-input-files.xcfilelist",
			);
			name = "[CP] Embed Pods Frameworks";
			outputFileListPaths = (
				"${PODS_ROOT}/Target Support Files/Pods-Swifter/Pods-Swifter-frameworks-${CONFIGURATION}-output-files.xcfilelist",
			);
			runOnlyForDeploymentPostprocessing = 0;
			shellPath = /bin/sh;
			shellScript = "\"${PODS_ROOT}/Target Support Files/Pods-Swifter/Pods-Swifter-frameworks.sh\"\n";
			showEnvVarsInLog = 0;
		};
		93E7F4BBC8761F0509496DF0 /* [CP] Check Pods Manifest.lock */ = {
			isa = PBXShellScriptBuildPhase;
			buildActionMask = 2147483647;
			files = (
			);
			inputFileListPaths = (
			);
			inputPaths = (
				"${PODS_PODFILE_DIR_PATH}/Podfile.lock",
				"${PODS_ROOT}/Manifest.lock",
			);
			name = "[CP] Check Pods Manifest.lock";
			outputFileListPaths = (
			);
			outputPaths = (
				"$(DERIVED_FILE_DIR)/Pods-Swifter-checkManifestLockResult.txt",
			);
			runOnlyForDeploymentPostprocessing = 0;
			shellPath = /bin/sh;
			shellScript = "diff \"${PODS_PODFILE_DIR_PATH}/Podfile.lock\" \"${PODS_ROOT}/Manifest.lock\" > /dev/null\nif [ $? != 0 ] ; then\n    # print error to STDERR\n    echo \"error: The sandbox is not in sync with the Podfile.lock. Run 'pod install' or update your CocoaPods installation.\" >&2\n    exit 1\nfi\n# This output is used by Xcode 'outputs' to avoid re-running this script phase.\necho \"SUCCESS\" > \"${SCRIPT_OUTPUT_FILE_0}\"\n";
			showEnvVarsInLog = 0;
		};
/* End PBXShellScriptBuildPhase section */

/* Begin PBXSourcesBuildPhase section */
		06CDC99129C758C300DA3E3A /* Sources */ = {
			isa = PBXSourcesBuildPhase;
			buildActionMask = 2147483647;
			files = (
				06CDC99D29C758C300DA3E3A /* CategoriesViewController.swift in Sources */,
				06B9B04329CC6FBA00969C3C /* Category.swift in Sources */,
				06CDC99929C758C300DA3E3A /* AppDelegate.swift in Sources */,
				06CDC9AD29C75A8900DA3E3A /* CategoriesCollectionViewCell.swift in Sources */,
				068D7A0729E028C40065CEC9 /* CategoriesViewModel.swift in Sources */,
				068D7A1429E1E12F0065CEC9 /* CategoryDetailListViewController.swift in Sources */,
				06CDC99B29C758C300DA3E3A /* SceneDelegate.swift in Sources */,
				068D7A0B29E03CD70065CEC9 /* CategoriesCellViewModel.swift in Sources */,
			);
			runOnlyForDeploymentPostprocessing = 0;
		};
/* End PBXSourcesBuildPhase section */

/* Begin PBXVariantGroup section */
		06CDC9A329C758C900DA3E3A /* LaunchScreen.storyboard */ = {
			isa = PBXVariantGroup;
			children = (
				06CDC9A429C758C900DA3E3A /* Base */,
			);
			name = LaunchScreen.storyboard;
			sourceTree = "<group>";
		};
/* End PBXVariantGroup section */

/* Begin XCBuildConfiguration section */
		06CDC9A729C758C900DA3E3A /* Debug */ = {
			isa = XCBuildConfiguration;
			buildSettings = {
				ALWAYS_SEARCH_USER_PATHS = NO;
				CLANG_ANALYZER_NONNULL = YES;
				CLANG_ANALYZER_NUMBER_OBJECT_CONVERSION = YES_AGGRESSIVE;
				CLANG_CXX_LANGUAGE_STANDARD = "gnu++20";
				CLANG_ENABLE_MODULES = YES;
				CLANG_ENABLE_OBJC_ARC = YES;
				CLANG_ENABLE_OBJC_WEAK = YES;
				CLANG_WARN_BLOCK_CAPTURE_AUTORELEASING = YES;
				CLANG_WARN_BOOL_CONVERSION = YES;
				CLANG_WARN_COMMA = YES;
				CLANG_WARN_CONSTANT_CONVERSION = YES;
				CLANG_WARN_DEPRECATED_OBJC_IMPLEMENTATIONS = YES;
				CLANG_WARN_DIRECT_OBJC_ISA_USAGE = YES_ERROR;
				CLANG_WARN_DOCUMENTATION_COMMENTS = YES;
				CLANG_WARN_EMPTY_BODY = YES;
				CLANG_WARN_ENUM_CONVERSION = YES;
				CLANG_WARN_INFINITE_RECURSION = YES;
				CLANG_WARN_INT_CONVERSION = YES;
				CLANG_WARN_NON_LITERAL_NULL_CONVERSION = YES;
				CLANG_WARN_OBJC_IMPLICIT_RETAIN_SELF = YES;
				CLANG_WARN_OBJC_LITERAL_CONVERSION = YES;
				CLANG_WARN_OBJC_ROOT_CLASS = YES_ERROR;
				CLANG_WARN_QUOTED_INCLUDE_IN_FRAMEWORK_HEADER = YES;
				CLANG_WARN_RANGE_LOOP_ANALYSIS = YES;
				CLANG_WARN_STRICT_PROTOTYPES = YES;
				CLANG_WARN_SUSPICIOUS_MOVE = YES;
				CLANG_WARN_UNGUARDED_AVAILABILITY = YES_AGGRESSIVE;
				CLANG_WARN_UNREACHABLE_CODE = YES;
				CLANG_WARN__DUPLICATE_METHOD_MATCH = YES;
				COPY_PHASE_STRIP = NO;
				DEBUG_INFORMATION_FORMAT = dwarf;
				ENABLE_STRICT_OBJC_MSGSEND = YES;
				ENABLE_TESTABILITY = YES;
				GCC_C_LANGUAGE_STANDARD = gnu11;
				GCC_DYNAMIC_NO_PIC = NO;
				GCC_NO_COMMON_BLOCKS = YES;
				GCC_OPTIMIZATION_LEVEL = 0;
				GCC_PREPROCESSOR_DEFINITIONS = (
					"DEBUG=1",
					"$(inherited)",
				);
				GCC_WARN_64_TO_32_BIT_CONVERSION = YES;
				GCC_WARN_ABOUT_RETURN_TYPE = YES_ERROR;
				GCC_WARN_UNDECLARED_SELECTOR = YES;
				GCC_WARN_UNINITIALIZED_AUTOS = YES_AGGRESSIVE;
				GCC_WARN_UNUSED_FUNCTION = YES;
				GCC_WARN_UNUSED_VARIABLE = YES;
				IPHONEOS_DEPLOYMENT_TARGET = 16.0;
				MTL_ENABLE_DEBUG_INFO = INCLUDE_SOURCE;
				MTL_FAST_MATH = YES;
				ONLY_ACTIVE_ARCH = YES;
				SDKROOT = iphoneos;
				SWIFT_ACTIVE_COMPILATION_CONDITIONS = DEBUG;
				SWIFT_OPTIMIZATION_LEVEL = "-Onone";
			};
			name = Debug;
		};
		06CDC9A829C758C900DA3E3A /* Release */ = {
			isa = XCBuildConfiguration;
			buildSettings = {
				ALWAYS_SEARCH_USER_PATHS = NO;
				CLANG_ANALYZER_NONNULL = YES;
				CLANG_ANALYZER_NUMBER_OBJECT_CONVERSION = YES_AGGRESSIVE;
				CLANG_CXX_LANGUAGE_STANDARD = "gnu++20";
				CLANG_ENABLE_MODULES = YES;
				CLANG_ENABLE_OBJC_ARC = YES;
				CLANG_ENABLE_OBJC_WEAK = YES;
				CLANG_WARN_BLOCK_CAPTURE_AUTORELEASING = YES;
				CLANG_WARN_BOOL_CONVERSION = YES;
				CLANG_WARN_COMMA = YES;
				CLANG_WARN_CONSTANT_CONVERSION = YES;
				CLANG_WARN_DEPRECATED_OBJC_IMPLEMENTATIONS = YES;
				CLANG_WARN_DIRECT_OBJC_ISA_USAGE = YES_ERROR;
				CLANG_WARN_DOCUMENTATION_COMMENTS = YES;
				CLANG_WARN_EMPTY_BODY = YES;
				CLANG_WARN_ENUM_CONVERSION = YES;
				CLANG_WARN_INFINITE_RECURSION = YES;
				CLANG_WARN_INT_CONVERSION = YES;
				CLANG_WARN_NON_LITERAL_NULL_CONVERSION = YES;
				CLANG_WARN_OBJC_IMPLICIT_RETAIN_SELF = YES;
				CLANG_WARN_OBJC_LITERAL_CONVERSION = YES;
				CLANG_WARN_OBJC_ROOT_CLASS = YES_ERROR;
				CLANG_WARN_QUOTED_INCLUDE_IN_FRAMEWORK_HEADER = YES;
				CLANG_WARN_RANGE_LOOP_ANALYSIS = YES;
				CLANG_WARN_STRICT_PROTOTYPES = YES;
				CLANG_WARN_SUSPICIOUS_MOVE = YES;
				CLANG_WARN_UNGUARDED_AVAILABILITY = YES_AGGRESSIVE;
				CLANG_WARN_UNREACHABLE_CODE = YES;
				CLANG_WARN__DUPLICATE_METHOD_MATCH = YES;
				COPY_PHASE_STRIP = NO;
				DEBUG_INFORMATION_FORMAT = "dwarf-with-dsym";
				ENABLE_NS_ASSERTIONS = NO;
				ENABLE_STRICT_OBJC_MSGSEND = YES;
				GCC_C_LANGUAGE_STANDARD = gnu11;
				GCC_NO_COMMON_BLOCKS = YES;
				GCC_WARN_64_TO_32_BIT_CONVERSION = YES;
				GCC_WARN_ABOUT_RETURN_TYPE = YES_ERROR;
				GCC_WARN_UNDECLARED_SELECTOR = YES;
				GCC_WARN_UNINITIALIZED_AUTOS = YES_AGGRESSIVE;
				GCC_WARN_UNUSED_FUNCTION = YES;
				GCC_WARN_UNUSED_VARIABLE = YES;
				IPHONEOS_DEPLOYMENT_TARGET = 16.0;
				MTL_ENABLE_DEBUG_INFO = NO;
				MTL_FAST_MATH = YES;
				SDKROOT = iphoneos;
				SWIFT_COMPILATION_MODE = wholemodule;
				SWIFT_OPTIMIZATION_LEVEL = "-O";
				VALIDATE_PRODUCT = YES;
			};
			name = Release;
		};
		06CDC9AA29C758C900DA3E3A /* Debug */ = {
			isa = XCBuildConfiguration;
			baseConfigurationReference = 81597787A7FED2F320E337EA /* Pods-Swifter.debug.xcconfig */;
			buildSettings = {
				ASSETCATALOG_COMPILER_APPICON_NAME = AppIcon;
				ASSETCATALOG_COMPILER_GLOBAL_ACCENT_COLOR_NAME = AccentColor;
				CODE_SIGN_STYLE = Automatic;
				CURRENT_PROJECT_VERSION = 1;
				DEVELOPMENT_TEAM = T5K8V44L2C;
				GENERATE_INFOPLIST_FILE = YES;
				INFOPLIST_FILE = "Swifter/Supporting Files/Info.plist";
				INFOPLIST_KEY_UIApplicationSupportsIndirectInputEvents = YES;
				INFOPLIST_KEY_UILaunchStoryboardName = LaunchScreen;
				INFOPLIST_KEY_UISupportedInterfaceOrientations = UIInterfaceOrientationPortrait;
				IPHONEOS_DEPLOYMENT_TARGET = 16.0;
				LD_RUNPATH_SEARCH_PATHS = (
					"$(inherited)",
					"@executable_path/Frameworks",
				);
				MARKETING_VERSION = 1.0;
				PRODUCT_BUNDLE_IDENTIFIER = ArtsiomSulzhenka.Swifter;
				PRODUCT_NAME = "$(TARGET_NAME)";
				SWIFT_EMIT_LOC_STRINGS = YES;
				SWIFT_VERSION = 5.0;
				TARGETED_DEVICE_FAMILY = "1,2";
			};
			name = Debug;
		};
		06CDC9AB29C758C900DA3E3A /* Release */ = {
			isa = XCBuildConfiguration;
			baseConfigurationReference = E1C8C7C1B570A498919D09FD /* Pods-Swifter.release.xcconfig */;
			buildSettings = {
				ASSETCATALOG_COMPILER_APPICON_NAME = AppIcon;
				ASSETCATALOG_COMPILER_GLOBAL_ACCENT_COLOR_NAME = AccentColor;
				CODE_SIGN_STYLE = Automatic;
				CURRENT_PROJECT_VERSION = 1;
				DEVELOPMENT_TEAM = T5K8V44L2C;
				GENERATE_INFOPLIST_FILE = YES;
				INFOPLIST_FILE = "Swifter/Supporting Files/Info.plist";
				INFOPLIST_KEY_UIApplicationSupportsIndirectInputEvents = YES;
				INFOPLIST_KEY_UILaunchStoryboardName = LaunchScreen;
				INFOPLIST_KEY_UISupportedInterfaceOrientations = UIInterfaceOrientationPortrait;
				IPHONEOS_DEPLOYMENT_TARGET = 16.0;
				LD_RUNPATH_SEARCH_PATHS = (
					"$(inherited)",
					"@executable_path/Frameworks",
				);
				MARKETING_VERSION = 1.0;
				PRODUCT_BUNDLE_IDENTIFIER = ArtsiomSulzhenka.Swifter;
				PRODUCT_NAME = "$(TARGET_NAME)";
				SWIFT_EMIT_LOC_STRINGS = YES;
				SWIFT_VERSION = 5.0;
				TARGETED_DEVICE_FAMILY = "1,2";
			};
			name = Release;
		};
/* End XCBuildConfiguration section */

/* Begin XCConfigurationList section */
		06CDC99029C758C300DA3E3A /* Build configuration list for PBXProject "Swifter" */ = {
			isa = XCConfigurationList;
			buildConfigurations = (
				06CDC9A729C758C900DA3E3A /* Debug */,
				06CDC9A829C758C900DA3E3A /* Release */,
			);
			defaultConfigurationIsVisible = 0;
			defaultConfigurationName = Release;
		};
		06CDC9A929C758C900DA3E3A /* Build configuration list for PBXNativeTarget "Swifter" */ = {
			isa = XCConfigurationList;
			buildConfigurations = (
				06CDC9AA29C758C900DA3E3A /* Debug */,
				06CDC9AB29C758C900DA3E3A /* Release */,
			);
			defaultConfigurationIsVisible = 0;
			defaultConfigurationName = Release;
		};
/* End XCConfigurationList section */
	};
	rootObject = 06CDC98D29C758C300DA3E3A /* Project object */;
}
